
Microsoft Visual Studio Solution File, Format Version 12.00
# Visual Studio Version 17
VisualStudioVersion = 17.0.31903.59
MinimumVisualStudioVersion = 10.0.40219.1
Project("{2150E333-8FDC-42A3-9474-1A3956D46DE8}") = "src", "src", "{827E0CD3-B72D-47B6-A68D-7590B98EB39B}"
EndProject
Project("{FAE04EC0-301F-11D3-BF4B-00C04F79EFBC}") = "HandlebarsTextbox.Avalonia", "src\HandlebarsTextbox.Avalonia\HandlebarsTextbox.Avalonia.csproj", "{8FEE1311-9A56-49FA-A84A-2A25728EA15E}"
EndProject
Project("{FAE04EC0-301F-11D3-BF4B-00C04F79EFBC}") = "HandlebarsTextbox.Winforms", "src\HandlebarsTextbox.Winforms\HandlebarsTextbox.Winforms.csproj", "{7B5813E4-05DD-478F-B4D3-9955C3386B9A}"
EndProject
Project("{2150E333-8FDC-42A3-9474-1A3956D46DE8}") = "tests", "tests", "{0AB3BF05-4346-4AA6-1389-037BE0695223}"
EndProject
Project("{FAE04EC0-301F-11D3-BF4B-00C04F79EFBC}") = "HandlebarsTextbox.Avalonia.Test", "tests\HandlebarsTextbox.Avalonia.Test\HandlebarsTextbox.Avalonia.Test.csproj", "{D03B4993-8293-48D4-878E-11B02D32DE80}"
EndProject
Project("{FAE04EC0-301F-11D3-BF4B-00C04F79EFBC}") = "HandlebarsTextbox.Winforms.Test", "tests\HandlebarsTextbox.Winforms.Test\HandlebarsTextbox.Winforms.Test.csproj", "{0095406C-85AB-4907-AA83-25E5808243A8}"
EndProject
Global
	GlobalSection(SolutionConfigurationPlatforms) = preSolution
		Debug|Any CPU = Debug|Any CPU
		Debug|x64 = Debug|x64
		Debug|x86 = Debug|x86
		Release|Any CPU = Release|Any CPU
		Release|x64 = Release|x64
		Release|x86 = Release|x86
	EndGlobalSection
	GlobalSection(ProjectConfigurationPlatforms) = postSolution
		{8FEE1311-9A56-49FA-A84A-2A25728EA15E}.Debug|Any CPU.ActiveCfg = Debug|Any CPU
		{8FEE1311-9A56-49FA-A84A-2A25728EA15E}.Debug|Any CPU.Build.0 = Debug|Any CPU
		{8FEE1311-9A56-49FA-A84A-2A25728EA15E}.Debug|x64.ActiveCfg = Debug|Any CPU
		{8FEE1311-9A56-49FA-A84A-2A25728EA15E}.Debug|x64.Build.0 = Debug|Any CPU
		{8FEE1311-9A56-49FA-A84A-2A25728EA15E}.Debug|x86.ActiveCfg = Debug|Any CPU
		{8FEE1311-9A56-49FA-A84A-2A25728EA15E}.Debug|x86.Build.0 = Debug|Any CPU
		{8FEE1311-9A56-49FA-A84A-2A25728EA15E}.Release|Any CPU.ActiveCfg = Release|Any CPU
		{8FEE1311-9A56-49FA-A84A-2A25728EA15E}.Release|Any CPU.Build.0 = Release|Any CPU
		{8FEE1311-9A56-49FA-A84A-2A25728EA15E}.Release|x64.ActiveCfg = Release|Any CPU
		{8FEE1311-9A56-49FA-A84A-2A25728EA15E}.Release|x64.Build.0 = Release|Any CPU
		{8FEE1311-9A56-49FA-A84A-2A25728EA15E}.Release|x86.ActiveCfg = Release|Any CPU
		{8FEE1311-9A56-49FA-A84A-2A25728EA15E}.Release|x86.Build.0 = Release|Any CPU
		{7B5813E4-05DD-478F-B4D3-9955C3386B9A}.Debug|Any CPU.ActiveCfg = Debug|Any CPU
		{7B5813E4-05DD-478F-B4D3-9955C3386B9A}.Debug|Any CPU.Build.0 = Debug|Any CPU
		{7B5813E4-05DD-478F-B4D3-9955C3386B9A}.Debug|x64.ActiveCfg = Debug|Any CPU
		{7B5813E4-05DD-478F-B4D3-9955C3386B9A}.Debug|x64.Build.0 = Debug|Any CPU
		{7B5813E4-05DD-478F-B4D3-9955C3386B9A}.Debug|x86.ActiveCfg = Debug|Any CPU
		{7B5813E4-05DD-478F-B4D3-9955C3386B9A}.Debug|x86.Build.0 = Debug|Any CPU
		{7B5813E4-05DD-478F-B4D3-9955C3386B9A}.Release|Any CPU.ActiveCfg = Release|Any CPU
		{7B5813E4-05DD-478F-B4D3-9955C3386B9A}.Release|Any CPU.Build.0 = Release|Any CPU
		{7B5813E4-05DD-478F-B4D3-9955C3386B9A}.Release|x64.ActiveCfg = Release|Any CPU
		{7B5813E4-05DD-478F-B4D3-9955C3386B9A}.Release|x64.Build.0 = Release|Any CPU
		{7B5813E4-05DD-478F-B4D3-9955C3386B9A}.Release|x86.ActiveCfg = Release|Any CPU
		{7B5813E4-05DD-478F-B4D3-9955C3386B9A}.Release|x86.Build.0 = Release|Any CPU
		{D03B4993-8293-48D4-878E-11B02D32DE80}.Debug|Any CPU.ActiveCfg = Debug|Any CPU
		{D03B4993-8293-48D4-878E-11B02D32DE80}.Debug|Any CPU.Build.0 = Debug|Any CPU
		{D03B4993-8293-48D4-878E-11B02D32DE80}.Debug|x64.ActiveCfg = Debug|Any CPU
		{D03B4993-8293-48D4-878E-11B02D32DE80}.Debug|x64.Build.0 = Debug|Any CPU
		{D03B4993-8293-48D4-878E-11B02D32DE80}.Debug|x86.ActiveCfg = Debug|Any CPU
		{D03B4993-8293-48D4-878E-11B02D32DE80}.Debug|x86.Build.0 = Debug|Any CPU
		{D03B4993-8293-48D4-878E-11B02D32DE80}.Release|Any CPU.ActiveCfg = Release|Any CPU
		{D03B4993-8293-48D4-878E-11B02D32DE80}.Release|Any CPU.Build.0 = Release|Any CPU
		{D03B4993-8293-48D4-878E-11B02D32DE80}.Release|x64.ActiveCfg = Release|Any CPU
		{D03B4993-8293-48D4-878E-11B02D32DE80}.Release|x64.Build.0 = Release|Any CPU
		{D03B4993-8293-48D4-878E-11B02D32DE80}.Release|x86.ActiveCfg = Release|Any CPU
		{D03B4993-8293-48D4-878E-11B02D32DE80}.Release|x86.Build.0 = Release|Any CPU
		{0095406C-85AB-4907-AA83-25E5808243A8}.Debug|Any CPU.ActiveCfg = Debug|Any CPU
		{0095406C-85AB-4907-AA83-25E5808243A8}.Debug|Any CPU.Build.0 = Debug|Any CPU
		{0095406C-85AB-4907-AA83-25E5808243A8}.Debug|x64.ActiveCfg = Debug|Any CPU
		{0095406C-85AB-4907-AA83-25E5808243A8}.Debug|x64.Build.0 = Debug|Any CPU
		{0095406C-85AB-4907-AA83-25E5808243A8}.Debug|x86.ActiveCfg = Debug|Any CPU
		{0095406C-85AB-4907-AA83-25E5808243A8}.Debug|x86.Build.0 = Debug|Any CPU
		{0095406C-85AB-4907-AA83-25E5808243A8}.Release|Any CPU.ActiveCfg = Release|Any CPU
		{0095406C-85AB-4907-AA83-25E5808243A8}.Release|Any CPU.Build.0 = Release|Any CPU
		{0095406C-85AB-4907-AA83-25E5808243A8}.Release|x64.ActiveCfg = Release|Any CPU
		{0095406C-85AB-4907-AA83-25E5808243A8}.Release|x64.Build.0 = Release|Any CPU
		{0095406C-85AB-4907-AA83-25E5808243A8}.Release|x86.ActiveCfg = Release|Any CPU
		{0095406C-85AB-4907-AA83-25E5808243A8}.Release|x86.Build.0 = Release|Any CPU
	EndGlobalSection
	GlobalSection(SolutionProperties) = preSolution
		HideSolutionNode = FALSE
	EndGlobalSection
	GlobalSection(NestedProjects) = preSolution
		{8FEE1311-9A56-49FA-A84A-2A25728EA15E} = {827E0CD3-B72D-47B6-A68D-7590B98EB39B}
		{7B5813E4-05DD-478F-B4D3-9955C3386B9A} = {827E0CD3-B72D-47B6-A68D-7590B98EB39B}
		{D03B4993-8293-48D4-878E-11B02D32DE80} = {0AB3BF05-4346-4AA6-1389-037BE0695223}
		{0095406C-85AB-4907-AA83-25E5808243A8} = {0AB3BF05-4346-4AA6-1389-037BE0695223}
	EndGlobalSection
EndGlobal
